// !$*UTF8*$!
{
	archiveVersion = 1;
	classes = {
	};
	objectVersion = 51;
	objects = {

/* Begin PBXBuildFile section */
		526B48DB2566B034008776A8 /* UIView+Extensions.swift in Sources */ = {isa = PBXBuildFile; fileRef = 526B48DA2566B034008776A8 /* UIView+Extensions.swift */; };
		526B48E02566BAB5008776A8 /* SubscriptionViewCell.swift in Sources */ = {isa = PBXBuildFile; fileRef = 526B48DF2566BAB5008776A8 /* SubscriptionViewCell.swift */; };
		526B49112566E09B008776A8 /* SearchViewController.swift in Sources */ = {isa = PBXBuildFile; fileRef = 526B490F2566E09B008776A8 /* SearchViewController.swift */; };
		526B49122566E09B008776A8 /* SearchViewController.xib in Resources */ = {isa = PBXBuildFile; fileRef = 526B49102566E09B008776A8 /* SearchViewController.xib */; };
		5271B00B256C317500BF15C3 /* AppDatabase.swift in Sources */ = {isa = PBXBuildFile; fileRef = 5271B00A256C317500BF15C3 /* AppDatabase.swift */; };
		5271B020256C404B00BF15C3 /* DetailViewModel.swift in Sources */ = {isa = PBXBuildFile; fileRef = 5271B01F256C404B00BF15C3 /* DetailViewModel.swift */; };
		52806B9425671CB400722E5D /* CustomButton.swift in Sources */ = {isa = PBXBuildFile; fileRef = 52806B9325671CB400722E5D /* CustomButton.swift */; };
		52823ECA25684F9C00AE7352 /* ListViewModel.swift in Sources */ = {isa = PBXBuildFile; fileRef = 52823EC925684F9C00AE7352 /* ListViewModel.swift */; };
		52823EF02568635000AE7352 /* TvShow.swift in Sources */ = {isa = PBXBuildFile; fileRef = 52823EEF2568635000AE7352 /* TvShow.swift */; };
		52823EFE256B3BE200AE7352 /* TvShowsRepository.swift in Sources */ = {isa = PBXBuildFile; fileRef = 52823EFD256B3BE200AE7352 /* TvShowsRepository.swift */; };
		52823F09256B467E00AE7352 /* Genre.swift in Sources */ = {isa = PBXBuildFile; fileRef = 52823F08256B467E00AE7352 /* Genre.swift */; };
		52823F33256B4CB700AE7352 /* TvShowsApi.swift in Sources */ = {isa = PBXBuildFile; fileRef = 52823F32256B4CB700AE7352 /* TvShowsApi.swift */; };
		52823F38256B4CEF00AE7352 /* TvShowsRepositoryImpl.swift in Sources */ = {isa = PBXBuildFile; fileRef = 52823F37256B4CEF00AE7352 /* TvShowsRepositoryImpl.swift */; };
		52823F45256B517100AE7352 /* Results.swift in Sources */ = {isa = PBXBuildFile; fileRef = 52823F44256B517100AE7352 /* Results.swift */; };
		52823F4D256B521C00AE7352 /* GenresRepository.swift in Sources */ = {isa = PBXBuildFile; fileRef = 52823F4C256B521C00AE7352 /* GenresRepository.swift */; };
		52823F5D256B53BD00AE7352 /* InMemoryGenresRepositoryImpl.swift in Sources */ = {isa = PBXBuildFile; fileRef = 52823F5C256B53BD00AE7352 /* InMemoryGenresRepositoryImpl.swift */; };
		52823F62256B543400AE7352 /* GenresApi.swift in Sources */ = {isa = PBXBuildFile; fileRef = 52823F61256B543400AE7352 /* GenresApi.swift */; };
		52823F67256B555200AE7352 /* NetworkManager.swift in Sources */ = {isa = PBXBuildFile; fileRef = 52823F66256B555200AE7352 /* NetworkManager.swift */; };
		52823F79256B66D000AE7352 /* TvShowViewModel.swift in Sources */ = {isa = PBXBuildFile; fileRef = 52823F78256B66D000AE7352 /* TvShowViewModel.swift */; };
		52823F9C256B7B0200AE7352 /* SchedulerProvider.swift in Sources */ = {isa = PBXBuildFile; fileRef = 52823F9B256B7B0200AE7352 /* SchedulerProvider.swift */; };
		52823FB7256BDB2A00AE7352 /* UIFont+Extensions.swift in Sources */ = {isa = PBXBuildFile; fileRef = 52823FB6256BDB2A00AE7352 /* UIFont+Extensions.swift */; };
		52823FF6256BE7FF00AE7352 /* SF-Pro-Text-Bold.otf in Resources */ = {isa = PBXBuildFile; fileRef = 52823FE3256BE7EB00AE7352 /* SF-Pro-Text-Bold.otf */; };
		52823FF7256BE7FF00AE7352 /* SF-Pro-Text-Medium.otf in Resources */ = {isa = PBXBuildFile; fileRef = 52823FE5256BE7EC00AE7352 /* SF-Pro-Text-Medium.otf */; };
		52824008256BE86E00AE7352 /* SF-Pro-Text-Regular.otf in Resources */ = {isa = PBXBuildFile; fileRef = 52824007256BE86E00AE7352 /* SF-Pro-Text-Regular.otf */; };
		52B286B8256C73B400BF41EF /* SearchViewModel.swift in Sources */ = {isa = PBXBuildFile; fileRef = 52B286B7256C73B400BF41EF /* SearchViewModel.swift */; };
		52D218782566E65600532717 /* ItemViewCell.swift in Sources */ = {isa = PBXBuildFile; fileRef = 52D218772566E65600532717 /* ItemViewCell.swift */; };
		52D2187D2566E69300532717 /* ItemViewCell.xib in Resources */ = {isa = PBXBuildFile; fileRef = 52D2187C2566E69300532717 /* ItemViewCell.xib */; };
		52D9E0B2256578F40098B1E3 /* AppDelegate.swift in Sources */ = {isa = PBXBuildFile; fileRef = 52D9E0B1256578F40098B1E3 /* AppDelegate.swift */; };
		52D9E0B4256578F40098B1E3 /* SceneDelegate.swift in Sources */ = {isa = PBXBuildFile; fileRef = 52D9E0B3256578F40098B1E3 /* SceneDelegate.swift */; };
		52D9E0BB256578F80098B1E3 /* Assets.xcassets in Resources */ = {isa = PBXBuildFile; fileRef = 52D9E0BA256578F80098B1E3 /* Assets.xcassets */; };
		52D9E0BE256578F80098B1E3 /* LaunchScreen.storyboard in Resources */ = {isa = PBXBuildFile; fileRef = 52D9E0BC256578F80098B1E3 /* LaunchScreen.storyboard */; };
		52D9E0D4256578F80098B1E3 /* tv_shows_appUITests.swift in Sources */ = {isa = PBXBuildFile; fileRef = 52D9E0D3256578F80098B1E3 /* tv_shows_appUITests.swift */; };
		52D9E1132565A4E10098B1E3 /* DetailViewController.swift in Sources */ = {isa = PBXBuildFile; fileRef = 52D9E1112565A4E10098B1E3 /* DetailViewController.swift */; };
		52D9E1142565A4E10098B1E3 /* DetailViewController.xib in Resources */ = {isa = PBXBuildFile; fileRef = 52D9E1122565A4E10098B1E3 /* DetailViewController.xib */; };
		52D9E17D2565FA5E0098B1E3 /* ListViewController.swift in Sources */ = {isa = PBXBuildFile; fileRef = 52D9E17B2565FA5E0098B1E3 /* ListViewController.swift */; };
		52D9E17E2565FA5E0098B1E3 /* ListViewController.xib in Resources */ = {isa = PBXBuildFile; fileRef = 52D9E17C2565FA5E0098B1E3 /* ListViewController.xib */; };
		52D9E183256601550098B1E3 /* UIColor+Extensions.swift in Sources */ = {isa = PBXBuildFile; fileRef = 52D9E182256601550098B1E3 /* UIColor+Extensions.swift */; };
		52D9E189256611A70098B1E3 /* BaseViewController.swift in Sources */ = {isa = PBXBuildFile; fileRef = 52D9E188256611A70098B1E3 /* BaseViewController.swift */; };
		52D9E1932566159B0098B1E3 /* UILabel+Extensions.swift in Sources */ = {isa = PBXBuildFile; fileRef = 52D9E1922566159B0098B1E3 /* UILabel+Extensions.swift */; };
		52D9E1A525661F810098B1E3 /* TvShowViewCell.swift in Sources */ = {isa = PBXBuildFile; fileRef = 52D9E1A425661F810098B1E3 /* TvShowViewCell.swift */; };
		52D9E1AA25661FB00098B1E3 /* TvShowViewCell.xib in Resources */ = {isa = PBXBuildFile; fileRef = 52D9E1A925661FB00098B1E3 /* TvShowViewCell.xib */; };
		52F0A7D7256CCC0600D2EAA3 /* TvShowViewModelTest.swift in Sources */ = {isa = PBXBuildFile; fileRef = 52F0A7D6256CCC0600D2EAA3 /* TvShowViewModelTest.swift */; };
		52F0A7DC256CCDB900D2EAA3 /* GenresRepository.swift in Sources */ = {isa = PBXBuildFile; fileRef = 52F0A7DB256CCDB900D2EAA3 /* GenresRepository.swift */; };
		6C6DA0EBF7232B943201E2E7 /* Pods_tv_shows_app_tv_shows_appUITests.framework in Frameworks */ = {isa = PBXBuildFile; fileRef = D7680C1497A6ACEA7C250678 /* Pods_tv_shows_app_tv_shows_appUITests.framework */; };
		79CFF89466BEFD829D3847ED /* Pods_tv_shows_app.framework in Frameworks */ = {isa = PBXBuildFile; fileRef = 9E12C6C1E6C14EA23C7243A1 /* Pods_tv_shows_app.framework */; };
		B060E6141EDD9499B77BA1EC /* Pods_tv_shows_appTests.framework in Frameworks */ = {isa = PBXBuildFile; fileRef = 9AA6F726E682DB869BD6F0FE /* Pods_tv_shows_appTests.framework */; };
/* End PBXBuildFile section */

/* Begin PBXContainerItemProxy section */
		52D9E0C5256578F80098B1E3 /* PBXContainerItemProxy */ = {
			isa = PBXContainerItemProxy;
			containerPortal = 52D9E0A6256578F40098B1E3 /* Project object */;
			proxyType = 1;
			remoteGlobalIDString = 52D9E0AD256578F40098B1E3;
			remoteInfo = "tv-shows-app";
		};
		52D9E0D0256578F80098B1E3 /* PBXContainerItemProxy */ = {
			isa = PBXContainerItemProxy;
			containerPortal = 52D9E0A6256578F40098B1E3 /* Project object */;
			proxyType = 1;
			remoteGlobalIDString = 52D9E0AD256578F40098B1E3;
			remoteInfo = "tv-shows-app";
		};
/* End PBXContainerItemProxy section */

/* Begin PBXFileReference section */
		1EDDC833F06C82E52FDC4CCE /* Pods-tv-shows-appTests.debug.xcconfig */ = {isa = PBXFileReference; includeInIndex = 1; lastKnownFileType = text.xcconfig; name = "Pods-tv-shows-appTests.debug.xcconfig"; path = "Target Support Files/Pods-tv-shows-appTests/Pods-tv-shows-appTests.debug.xcconfig"; sourceTree = "<group>"; };
		3274F1449D471159ACF69EBD /* Pods-tv-shows-appTests.release.xcconfig */ = {isa = PBXFileReference; includeInIndex = 1; lastKnownFileType = text.xcconfig; name = "Pods-tv-shows-appTests.release.xcconfig"; path = "Target Support Files/Pods-tv-shows-appTests/Pods-tv-shows-appTests.release.xcconfig"; sourceTree = "<group>"; };
		526B48DA2566B034008776A8 /* UIView+Extensions.swift */ = {isa = PBXFileReference; lastKnownFileType = sourcecode.swift; path = "UIView+Extensions.swift"; sourceTree = "<group>"; };
		526B48DF2566BAB5008776A8 /* SubscriptionViewCell.swift */ = {isa = PBXFileReference; lastKnownFileType = sourcecode.swift; path = SubscriptionViewCell.swift; sourceTree = "<group>"; };
		526B490F2566E09B008776A8 /* SearchViewController.swift */ = {isa = PBXFileReference; lastKnownFileType = sourcecode.swift; path = SearchViewController.swift; sourceTree = "<group>"; };
		526B49102566E09B008776A8 /* SearchViewController.xib */ = {isa = PBXFileReference; lastKnownFileType = file.xib; path = SearchViewController.xib; sourceTree = "<group>"; };
		5271B00A256C317500BF15C3 /* AppDatabase.swift */ = {isa = PBXFileReference; lastKnownFileType = sourcecode.swift; path = AppDatabase.swift; sourceTree = "<group>"; };
		5271B01F256C404B00BF15C3 /* DetailViewModel.swift */ = {isa = PBXFileReference; lastKnownFileType = sourcecode.swift; path = DetailViewModel.swift; sourceTree = "<group>"; };
		52806B9325671CB400722E5D /* CustomButton.swift */ = {isa = PBXFileReference; lastKnownFileType = sourcecode.swift; path = CustomButton.swift; sourceTree = "<group>"; };
		52823EC925684F9C00AE7352 /* ListViewModel.swift */ = {isa = PBXFileReference; lastKnownFileType = sourcecode.swift; path = ListViewModel.swift; sourceTree = "<group>"; };
		52823EEF2568635000AE7352 /* TvShow.swift */ = {isa = PBXFileReference; lastKnownFileType = sourcecode.swift; path = TvShow.swift; sourceTree = "<group>"; };
		52823EFD256B3BE200AE7352 /* TvShowsRepository.swift */ = {isa = PBXFileReference; lastKnownFileType = sourcecode.swift; path = TvShowsRepository.swift; sourceTree = "<group>"; };
		52823F08256B467E00AE7352 /* Genre.swift */ = {isa = PBXFileReference; lastKnownFileType = sourcecode.swift; path = Genre.swift; sourceTree = "<group>"; };
		52823F32256B4CB700AE7352 /* TvShowsApi.swift */ = {isa = PBXFileReference; lastKnownFileType = sourcecode.swift; path = TvShowsApi.swift; sourceTree = "<group>"; };
		52823F37256B4CEF00AE7352 /* TvShowsRepositoryImpl.swift */ = {isa = PBXFileReference; lastKnownFileType = sourcecode.swift; path = TvShowsRepositoryImpl.swift; sourceTree = "<group>"; };
		52823F44256B517100AE7352 /* Results.swift */ = {isa = PBXFileReference; lastKnownFileType = sourcecode.swift; path = Results.swift; sourceTree = "<group>"; };
		52823F4C256B521C00AE7352 /* GenresRepository.swift */ = {isa = PBXFileReference; lastKnownFileType = sourcecode.swift; path = GenresRepository.swift; sourceTree = "<group>"; };
		52823F5C256B53BD00AE7352 /* InMemoryGenresRepositoryImpl.swift */ = {isa = PBXFileReference; lastKnownFileType = sourcecode.swift; path = InMemoryGenresRepositoryImpl.swift; sourceTree = "<group>"; };
		52823F61256B543400AE7352 /* GenresApi.swift */ = {isa = PBXFileReference; lastKnownFileType = sourcecode.swift; path = GenresApi.swift; sourceTree = "<group>"; };
		52823F66256B555200AE7352 /* NetworkManager.swift */ = {isa = PBXFileReference; lastKnownFileType = sourcecode.swift; path = NetworkManager.swift; sourceTree = "<group>"; };
		52823F78256B66D000AE7352 /* TvShowViewModel.swift */ = {isa = PBXFileReference; lastKnownFileType = sourcecode.swift; path = TvShowViewModel.swift; sourceTree = "<group>"; };
		52823F9B256B7B0200AE7352 /* SchedulerProvider.swift */ = {isa = PBXFileReference; lastKnownFileType = sourcecode.swift; path = SchedulerProvider.swift; sourceTree = "<group>"; };
		52823FB6256BDB2A00AE7352 /* UIFont+Extensions.swift */ = {isa = PBXFileReference; lastKnownFileType = sourcecode.swift; path = "UIFont+Extensions.swift"; sourceTree = "<group>"; };
		52823FE3256BE7EB00AE7352 /* SF-Pro-Text-Bold.otf */ = {isa = PBXFileReference; lastKnownFileType = file; path = "SF-Pro-Text-Bold.otf"; sourceTree = "<group>"; };
		52823FE5256BE7EC00AE7352 /* SF-Pro-Text-Medium.otf */ = {isa = PBXFileReference; lastKnownFileType = file; path = "SF-Pro-Text-Medium.otf"; sourceTree = "<group>"; };
		52824007256BE86E00AE7352 /* SF-Pro-Text-Regular.otf */ = {isa = PBXFileReference; lastKnownFileType = file; path = "SF-Pro-Text-Regular.otf"; sourceTree = "<group>"; };
		52B286B7256C73B400BF41EF /* SearchViewModel.swift */ = {isa = PBXFileReference; lastKnownFileType = sourcecode.swift; path = SearchViewModel.swift; sourceTree = "<group>"; };
		52D218772566E65600532717 /* ItemViewCell.swift */ = {isa = PBXFileReference; lastKnownFileType = sourcecode.swift; path = ItemViewCell.swift; sourceTree = "<group>"; };
		52D2187C2566E69300532717 /* ItemViewCell.xib */ = {isa = PBXFileReference; lastKnownFileType = file.xib; path = ItemViewCell.xib; sourceTree = "<group>"; };
		52D9E0AE256578F40098B1E3 /* tv-shows-app.app */ = {isa = PBXFileReference; explicitFileType = wrapper.application; includeInIndex = 0; path = "tv-shows-app.app"; sourceTree = BUILT_PRODUCTS_DIR; };
		52D9E0B1256578F40098B1E3 /* AppDelegate.swift */ = {isa = PBXFileReference; lastKnownFileType = sourcecode.swift; path = AppDelegate.swift; sourceTree = "<group>"; };
		52D9E0B3256578F40098B1E3 /* SceneDelegate.swift */ = {isa = PBXFileReference; lastKnownFileType = sourcecode.swift; path = SceneDelegate.swift; sourceTree = "<group>"; };
		52D9E0BA256578F80098B1E3 /* Assets.xcassets */ = {isa = PBXFileReference; lastKnownFileType = folder.assetcatalog; path = Assets.xcassets; sourceTree = "<group>"; };
		52D9E0BD256578F80098B1E3 /* Base */ = {isa = PBXFileReference; lastKnownFileType = file.storyboard; name = Base; path = Base.lproj/LaunchScreen.storyboard; sourceTree = "<group>"; };
		52D9E0BF256578F80098B1E3 /* Info.plist */ = {isa = PBXFileReference; lastKnownFileType = text.plist.xml; name = Info.plist; path = "tv-shows-app/Resources/Info.plist"; sourceTree = SOURCE_ROOT; };
		52D9E0C4256578F80098B1E3 /* tv-shows-appTests.xctest */ = {isa = PBXFileReference; explicitFileType = wrapper.cfbundle; includeInIndex = 0; path = "tv-shows-appTests.xctest"; sourceTree = BUILT_PRODUCTS_DIR; };
		52D9E0CA256578F80098B1E3 /* Info.plist */ = {isa = PBXFileReference; lastKnownFileType = text.plist.xml; path = Info.plist; sourceTree = "<group>"; };
		52D9E0CF256578F80098B1E3 /* tv-shows-appUITests.xctest */ = {isa = PBXFileReference; explicitFileType = wrapper.cfbundle; includeInIndex = 0; path = "tv-shows-appUITests.xctest"; sourceTree = BUILT_PRODUCTS_DIR; };
		52D9E0D3256578F80098B1E3 /* tv_shows_appUITests.swift */ = {isa = PBXFileReference; lastKnownFileType = sourcecode.swift; path = tv_shows_appUITests.swift; sourceTree = "<group>"; };
		52D9E0D5256578F80098B1E3 /* Info.plist */ = {isa = PBXFileReference; lastKnownFileType = text.plist.xml; path = Info.plist; sourceTree = "<group>"; };
		52D9E1112565A4E10098B1E3 /* DetailViewController.swift */ = {isa = PBXFileReference; lastKnownFileType = sourcecode.swift; path = DetailViewController.swift; sourceTree = "<group>"; };
		52D9E1122565A4E10098B1E3 /* DetailViewController.xib */ = {isa = PBXFileReference; lastKnownFileType = file.xib; path = DetailViewController.xib; sourceTree = "<group>"; };
		52D9E17B2565FA5E0098B1E3 /* ListViewController.swift */ = {isa = PBXFileReference; lastKnownFileType = sourcecode.swift; path = ListViewController.swift; sourceTree = "<group>"; };
		52D9E17C2565FA5E0098B1E3 /* ListViewController.xib */ = {isa = PBXFileReference; lastKnownFileType = file.xib; path = ListViewController.xib; sourceTree = "<group>"; };
		52D9E182256601550098B1E3 /* UIColor+Extensions.swift */ = {isa = PBXFileReference; lastKnownFileType = sourcecode.swift; path = "UIColor+Extensions.swift"; sourceTree = "<group>"; };
		52D9E188256611A70098B1E3 /* BaseViewController.swift */ = {isa = PBXFileReference; lastKnownFileType = sourcecode.swift; path = BaseViewController.swift; sourceTree = "<group>"; };
		52D9E1922566159B0098B1E3 /* UILabel+Extensions.swift */ = {isa = PBXFileReference; lastKnownFileType = sourcecode.swift; path = "UILabel+Extensions.swift"; sourceTree = "<group>"; };
		52D9E1A425661F810098B1E3 /* TvShowViewCell.swift */ = {isa = PBXFileReference; lastKnownFileType = sourcecode.swift; path = TvShowViewCell.swift; sourceTree = "<group>"; };
		52D9E1A925661FB00098B1E3 /* TvShowViewCell.xib */ = {isa = PBXFileReference; lastKnownFileType = file.xib; path = TvShowViewCell.xib; sourceTree = "<group>"; };
		52F0A7D6256CCC0600D2EAA3 /* TvShowViewModelTest.swift */ = {isa = PBXFileReference; lastKnownFileType = sourcecode.swift; path = TvShowViewModelTest.swift; sourceTree = "<group>"; };
		52F0A7DB256CCDB900D2EAA3 /* GenresRepository.swift */ = {isa = PBXFileReference; lastKnownFileType = sourcecode.swift; path = GenresRepository.swift; sourceTree = "<group>"; };
		6D4BA7C8E2A0095CBF905007 /* Pods-tv-shows-app.debug.xcconfig */ = {isa = PBXFileReference; includeInIndex = 1; lastKnownFileType = text.xcconfig; name = "Pods-tv-shows-app.debug.xcconfig"; path = "Target Support Files/Pods-tv-shows-app/Pods-tv-shows-app.debug.xcconfig"; sourceTree = "<group>"; };
		9AA6F726E682DB869BD6F0FE /* Pods_tv_shows_appTests.framework */ = {isa = PBXFileReference; explicitFileType = wrapper.framework; includeInIndex = 0; path = Pods_tv_shows_appTests.framework; sourceTree = BUILT_PRODUCTS_DIR; };
		9C19F187D3D08CF895B72198 /* Pods-tv-shows-app-tv-shows-appUITests.release.xcconfig */ = {isa = PBXFileReference; includeInIndex = 1; lastKnownFileType = text.xcconfig; name = "Pods-tv-shows-app-tv-shows-appUITests.release.xcconfig"; path = "Target Support Files/Pods-tv-shows-app-tv-shows-appUITests/Pods-tv-shows-app-tv-shows-appUITests.release.xcconfig"; sourceTree = "<group>"; };
		9E12C6C1E6C14EA23C7243A1 /* Pods_tv_shows_app.framework */ = {isa = PBXFileReference; explicitFileType = wrapper.framework; includeInIndex = 0; path = Pods_tv_shows_app.framework; sourceTree = BUILT_PRODUCTS_DIR; };
		D7680C1497A6ACEA7C250678 /* Pods_tv_shows_app_tv_shows_appUITests.framework */ = {isa = PBXFileReference; explicitFileType = wrapper.framework; includeInIndex = 0; path = Pods_tv_shows_app_tv_shows_appUITests.framework; sourceTree = BUILT_PRODUCTS_DIR; };
		DAFE8ADB11A92EB646E2AD7E /* Pods-tv-shows-app-tv-shows-appUITests.debug.xcconfig */ = {isa = PBXFileReference; includeInIndex = 1; lastKnownFileType = text.xcconfig; name = "Pods-tv-shows-app-tv-shows-appUITests.debug.xcconfig"; path = "Target Support Files/Pods-tv-shows-app-tv-shows-appUITests/Pods-tv-shows-app-tv-shows-appUITests.debug.xcconfig"; sourceTree = "<group>"; };
		F4CE14CDBF84901FC8F005C5 /* Pods-tv-shows-app.release.xcconfig */ = {isa = PBXFileReference; includeInIndex = 1; lastKnownFileType = text.xcconfig; name = "Pods-tv-shows-app.release.xcconfig"; path = "Target Support Files/Pods-tv-shows-app/Pods-tv-shows-app.release.xcconfig"; sourceTree = "<group>"; };
/* End PBXFileReference section */

/* Begin PBXFrameworksBuildPhase section */
		52D9E0AB256578F40098B1E3 /* Frameworks */ = {
			isa = PBXFrameworksBuildPhase;
			buildActionMask = 2147483647;
			files = (
				79CFF89466BEFD829D3847ED /* Pods_tv_shows_app.framework in Frameworks */,
			);
			runOnlyForDeploymentPostprocessing = 0;
		};
		52D9E0C1256578F80098B1E3 /* Frameworks */ = {
			isa = PBXFrameworksBuildPhase;
			buildActionMask = 2147483647;
			files = (
				B060E6141EDD9499B77BA1EC /* Pods_tv_shows_appTests.framework in Frameworks */,
			);
			runOnlyForDeploymentPostprocessing = 0;
		};
		52D9E0CC256578F80098B1E3 /* Frameworks */ = {
			isa = PBXFrameworksBuildPhase;
			buildActionMask = 2147483647;
			files = (
				6C6DA0EBF7232B943201E2E7 /* Pods_tv_shows_app_tv_shows_appUITests.framework in Frameworks */,
			);
			runOnlyForDeploymentPostprocessing = 0;
		};
/* End PBXFrameworksBuildPhase section */

/* Begin PBXGroup section */
		198F84450CF8E2941D9F0BBE /* Pods */ = {
			isa = PBXGroup;
			children = (
				6D4BA7C8E2A0095CBF905007 /* Pods-tv-shows-app.debug.xcconfig */,
				F4CE14CDBF84901FC8F005C5 /* Pods-tv-shows-app.release.xcconfig */,
				DAFE8ADB11A92EB646E2AD7E /* Pods-tv-shows-app-tv-shows-appUITests.debug.xcconfig */,
				9C19F187D3D08CF895B72198 /* Pods-tv-shows-app-tv-shows-appUITests.release.xcconfig */,
				1EDDC833F06C82E52FDC4CCE /* Pods-tv-shows-appTests.debug.xcconfig */,
				3274F1449D471159ACF69EBD /* Pods-tv-shows-appTests.release.xcconfig */,
			);
			path = Pods;
			sourceTree = "<group>";
		};
		50BFDD0F77B5D39736FA6745 /* Frameworks */ = {
			isa = PBXGroup;
			children = (
				9E12C6C1E6C14EA23C7243A1 /* Pods_tv_shows_app.framework */,
				D7680C1497A6ACEA7C250678 /* Pods_tv_shows_app_tv_shows_appUITests.framework */,
				9AA6F726E682DB869BD6F0FE /* Pods_tv_shows_appTests.framework */,
			);
			name = Frameworks;
			sourceTree = "<group>";
		};
		52806B9B25671D5C00722E5D /* CustomButton */ = {
			isa = PBXGroup;
			children = (
				52806B9325671CB400722E5D /* CustomButton.swift */,
			);
			path = CustomButton;
			sourceTree = "<group>";
		};
		52823EEE2568631200AE7352 /* Model */ = {
			isa = PBXGroup;
			children = (
				52823F29256B4C7600AE7352 /* Data */,
				52823F15256B4AF500AE7352 /* Networking */,
				52823EFC256B3BBF00AE7352 /* Repositories */,
				52823EEF2568635000AE7352 /* TvShow.swift */,
				52823F08256B467E00AE7352 /* Genre.swift */,
				52823F44256B517100AE7352 /* Results.swift */,
			);
			path = Model;
			sourceTree = "<group>";
		};
		52823EFC256B3BBF00AE7352 /* Repositories */ = {
			isa = PBXGroup;
			children = (
				52823F53256B537500AE7352 /* Genres */,
				52823F52256B536800AE7352 /* TvShows */,
			);
			path = Repositories;
			sourceTree = "<group>";
		};
		52823F15256B4AF500AE7352 /* Networking */ = {
			isa = PBXGroup;
			children = (
				52823F32256B4CB700AE7352 /* TvShowsApi.swift */,
				52823F61256B543400AE7352 /* GenresApi.swift */,
				52823F66256B555200AE7352 /* NetworkManager.swift */,
			);
			path = Networking;
			sourceTree = "<group>";
		};
		52823F16256B4B7700AE7352 /* ViewModel */ = {
			isa = PBXGroup;
			children = (
				5271B01F256C404B00BF15C3 /* DetailViewModel.swift */,
			);
			path = ViewModel;
			sourceTree = "<group>";
		};
		52823F29256B4C7600AE7352 /* Data */ = {
			isa = PBXGroup;
			children = (
				5271B00A256C317500BF15C3 /* AppDatabase.swift */,
			);
			path = Data;
			sourceTree = "<group>";
		};
		52823F52256B536800AE7352 /* TvShows */ = {
			isa = PBXGroup;
			children = (
				52823EFD256B3BE200AE7352 /* TvShowsRepository.swift */,
				52823F37256B4CEF00AE7352 /* TvShowsRepositoryImpl.swift */,
			);
			path = TvShows;
			sourceTree = "<group>";
		};
		52823F53256B537500AE7352 /* Genres */ = {
			isa = PBXGroup;
			children = (
				52823F4C256B521C00AE7352 /* GenresRepository.swift */,
				52823F5C256B53BD00AE7352 /* InMemoryGenresRepositoryImpl.swift */,
			);
			path = Genres;
			sourceTree = "<group>";
		};
		52823FE2256BE7E500AE7352 /* Font */ = {
			isa = PBXGroup;
			children = (
				52824007256BE86E00AE7352 /* SF-Pro-Text-Regular.otf */,
				52823FE3256BE7EB00AE7352 /* SF-Pro-Text-Bold.otf */,
				52823FE5256BE7EC00AE7352 /* SF-Pro-Text-Medium.otf */,
			);
			path = Font;
			sourceTree = "<group>";
		};
		52D9E0A5256578F40098B1E3 = {
			isa = PBXGroup;
			children = (
				52D9E0B0256578F40098B1E3 /* tv-shows-app */,
				52D9E0C7256578F80098B1E3 /* tv-shows-appTests */,
				52D9E0D2256578F80098B1E3 /* tv-shows-appUITests */,
				52D9E0AF256578F40098B1E3 /* Products */,
				198F84450CF8E2941D9F0BBE /* Pods */,
				50BFDD0F77B5D39736FA6745 /* Frameworks */,
			);
			sourceTree = "<group>";
		};
		52D9E0AF256578F40098B1E3 /* Products */ = {
			isa = PBXGroup;
			children = (
				52D9E0AE256578F40098B1E3 /* tv-shows-app.app */,
				52D9E0C4256578F80098B1E3 /* tv-shows-appTests.xctest */,
				52D9E0CF256578F80098B1E3 /* tv-shows-appUITests.xctest */,
			);
			name = Products;
			sourceTree = "<group>";
		};
		52D9E0B0256578F40098B1E3 /* tv-shows-app */ = {
			isa = PBXGroup;
			children = (
				52D9E187256611980098B1E3 /* Commons */,
				52D9E10225659FBD0098B1E3 /* Extensions */,
				52D9E1062565A1920098B1E3 /* Resources */,
				52F0A813256CE39700D2EAA3 /* ViewModel */,
				52823EEE2568631200AE7352 /* Model */,
				52D9E0F625659EBB0098B1E3 /* List */,
				52D9E15D2565F7440098B1E3 /* Search */,
				52D9E0F725659EC50098B1E3 /* Detail */,
				52D9E0B1256578F40098B1E3 /* AppDelegate.swift */,
				52D9E0B3256578F40098B1E3 /* SceneDelegate.swift */,
			);
			path = "tv-shows-app";
			sourceTree = "<group>";
		};
		52D9E0C7256578F80098B1E3 /* tv-shows-appTests */ = {
			isa = PBXGroup;
			children = (
				52D9E0CA256578F80098B1E3 /* Info.plist */,
				52F0A7D6256CCC0600D2EAA3 /* TvShowViewModelTest.swift */,
				52F0A7DB256CCDB900D2EAA3 /* GenresRepository.swift */,
			);
			path = "tv-shows-appTests";
			sourceTree = "<group>";
		};
		52D9E0D2256578F80098B1E3 /* tv-shows-appUITests */ = {
			isa = PBXGroup;
			children = (
				52D9E0D3256578F80098B1E3 /* tv_shows_appUITests.swift */,
				52D9E0D5256578F80098B1E3 /* Info.plist */,
			);
			path = "tv-shows-appUITests";
			sourceTree = "<group>";
		};
		52D9E0F625659EBB0098B1E3 /* List */ = {
			isa = PBXGroup;
			children = (
				52D9E10125659FA10098B1E3 /* ViewModel */,
				52D9E10025659F9C0098B1E3 /* View */,
			);
			path = List;
			sourceTree = "<group>";
		};
		52D9E0F725659EC50098B1E3 /* Detail */ = {
			isa = PBXGroup;
			children = (
				52823F16256B4B7700AE7352 /* ViewModel */,
				52D9E0FA25659F600098B1E3 /* View */,
			);
			path = Detail;
			sourceTree = "<group>";
		};
		52D9E0FA25659F600098B1E3 /* View */ = {
			isa = PBXGroup;
			children = (
				52D9E1112565A4E10098B1E3 /* DetailViewController.swift */,
				52D9E1122565A4E10098B1E3 /* DetailViewController.xib */,
			);
			path = View;
			sourceTree = "<group>";
		};
		52D9E10025659F9C0098B1E3 /* View */ = {
			isa = PBXGroup;
			children = (
				52D9E17B2565FA5E0098B1E3 /* ListViewController.swift */,
				52D9E17C2565FA5E0098B1E3 /* ListViewController.xib */,
				52D9E1A425661F810098B1E3 /* TvShowViewCell.swift */,
				52D9E1A925661FB00098B1E3 /* TvShowViewCell.xib */,
				526B48DF2566BAB5008776A8 /* SubscriptionViewCell.swift */,
			);
			path = View;
			sourceTree = "<group>";
		};
		52D9E10125659FA10098B1E3 /* ViewModel */ = {
			isa = PBXGroup;
			children = (
				52823EC925684F9C00AE7352 /* ListViewModel.swift */,
			);
			path = ViewModel;
			sourceTree = "<group>";
		};
		52D9E10225659FBD0098B1E3 /* Extensions */ = {
			isa = PBXGroup;
			children = (
				52D9E182256601550098B1E3 /* UIColor+Extensions.swift */,
				52D9E1922566159B0098B1E3 /* UILabel+Extensions.swift */,
				526B48DA2566B034008776A8 /* UIView+Extensions.swift */,
				52823FB6256BDB2A00AE7352 /* UIFont+Extensions.swift */,
			);
			path = Extensions;
			sourceTree = "<group>";
		};
		52D9E1062565A1920098B1E3 /* Resources */ = {
			isa = PBXGroup;
			children = (
				52823FE2256BE7E500AE7352 /* Font */,
				52D9E0BA256578F80098B1E3 /* Assets.xcassets */,
				52D9E0BC256578F80098B1E3 /* LaunchScreen.storyboard */,
				52D9E0BF256578F80098B1E3 /* Info.plist */,
			);
			path = Resources;
			sourceTree = "<group>";
		};
		52D9E15D2565F7440098B1E3 /* Search */ = {
			isa = PBXGroup;
			children = (
				52D9E1602565F7670098B1E3 /* ViewModel */,
				52D9E15F2565F7550098B1E3 /* View */,
			);
			path = Search;
			sourceTree = "<group>";
		};
		52D9E15F2565F7550098B1E3 /* View */ = {
			isa = PBXGroup;
			children = (
				526B490F2566E09B008776A8 /* SearchViewController.swift */,
				526B49102566E09B008776A8 /* SearchViewController.xib */,
				52D218772566E65600532717 /* ItemViewCell.swift */,
				52D2187C2566E69300532717 /* ItemViewCell.xib */,
			);
			path = View;
			sourceTree = "<group>";
		};
		52D9E1602565F7670098B1E3 /* ViewModel */ = {
			isa = PBXGroup;
			children = (
				52B286B7256C73B400BF41EF /* SearchViewModel.swift */,
			);
			path = ViewModel;
			sourceTree = "<group>";
		};
		52D9E187256611980098B1E3 /* Commons */ = {
			isa = PBXGroup;
			children = (
				52806B9B25671D5C00722E5D /* CustomButton */,
				52D9E188256611A70098B1E3 /* BaseViewController.swift */,
				52823F9B256B7B0200AE7352 /* SchedulerProvider.swift */,
			);
			path = Commons;
			sourceTree = "<group>";
		};
		52F0A813256CE39700D2EAA3 /* ViewModel */ = {
			isa = PBXGroup;
			children = (
				52823F78256B66D000AE7352 /* TvShowViewModel.swift */,
			);
			path = ViewModel;
			sourceTree = "<group>";
		};
/* End PBXGroup section */

/* Begin PBXNativeTarget section */
		52D9E0AD256578F40098B1E3 /* tv-shows-app */ = {
			isa = PBXNativeTarget;
			buildConfigurationList = 52D9E0D8256578F80098B1E3 /* Build configuration list for PBXNativeTarget "tv-shows-app" */;
			buildPhases = (
				CE1F0627FC171C3C6663B7DC /* [CP] Check Pods Manifest.lock */,
				52D9E0AA256578F40098B1E3 /* Sources */,
				52D9E0AB256578F40098B1E3 /* Frameworks */,
				52D9E0AC256578F40098B1E3 /* Resources */,
				D0889CE31CCAB5B87097056E /* [CP] Embed Pods Frameworks */,
			);
			buildRules = (
			);
			dependencies = (
			);
			name = "tv-shows-app";
			productName = "tv-shows-app";
			productReference = 52D9E0AE256578F40098B1E3 /* tv-shows-app.app */;
			productType = "com.apple.product-type.application";
		};
		52D9E0C3256578F80098B1E3 /* tv-shows-appTests */ = {
			isa = PBXNativeTarget;
			buildConfigurationList = 52D9E0DB256578F80098B1E3 /* Build configuration list for PBXNativeTarget "tv-shows-appTests" */;
			buildPhases = (
				F40CFCFA5543A541709FCA66 /* [CP] Check Pods Manifest.lock */,
				52D9E0C0256578F80098B1E3 /* Sources */,
				52D9E0C1256578F80098B1E3 /* Frameworks */,
				52D9E0C2256578F80098B1E3 /* Resources */,
			);
			buildRules = (
			);
			dependencies = (
				52D9E0C6256578F80098B1E3 /* PBXTargetDependency */,
			);
			name = "tv-shows-appTests";
			productName = "tv-shows-appTests";
			productReference = 52D9E0C4256578F80098B1E3 /* tv-shows-appTests.xctest */;
			productType = "com.apple.product-type.bundle.unit-test";
		};
		52D9E0CE256578F80098B1E3 /* tv-shows-appUITests */ = {
			isa = PBXNativeTarget;
			buildConfigurationList = 52D9E0DE256578F80098B1E3 /* Build configuration list for PBXNativeTarget "tv-shows-appUITests" */;
			buildPhases = (
				65A156260182553815604E8C /* [CP] Check Pods Manifest.lock */,
				52D9E0CB256578F80098B1E3 /* Sources */,
				52D9E0CC256578F80098B1E3 /* Frameworks */,
				52D9E0CD256578F80098B1E3 /* Resources */,
				0197944302170000588F150A /* [CP] Embed Pods Frameworks */,
			);
			buildRules = (
			);
			dependencies = (
				52D9E0D1256578F80098B1E3 /* PBXTargetDependency */,
			);
			name = "tv-shows-appUITests";
			productName = "tv-shows-appUITests";
			productReference = 52D9E0CF256578F80098B1E3 /* tv-shows-appUITests.xctest */;
			productType = "com.apple.product-type.bundle.ui-testing";
		};
/* End PBXNativeTarget section */

/* Begin PBXProject section */
		52D9E0A6256578F40098B1E3 /* Project object */ = {
			isa = PBXProject;
			attributes = {
				LastSwiftUpdateCheck = 1210;
				LastUpgradeCheck = 1210;
				TargetAttributes = {
					52D9E0AD256578F40098B1E3 = {
						CreatedOnToolsVersion = 12.1;
					};
					52D9E0C3256578F80098B1E3 = {
						CreatedOnToolsVersion = 12.1;
						TestTargetID = 52D9E0AD256578F40098B1E3;
					};
					52D9E0CE256578F80098B1E3 = {
						CreatedOnToolsVersion = 12.1;
						TestTargetID = 52D9E0AD256578F40098B1E3;
					};
				};
			};
			buildConfigurationList = 52D9E0A9256578F40098B1E3 /* Build configuration list for PBXProject "tv-shows-app" */;
			compatibilityVersion = "Xcode 9.3";
			developmentRegion = en;
			hasScannedForEncodings = 0;
			knownRegions = (
				en,
				Base,
			);
			mainGroup = 52D9E0A5256578F40098B1E3;
			productRefGroup = 52D9E0AF256578F40098B1E3 /* Products */;
			projectDirPath = "";
			projectRoot = "";
			targets = (
				52D9E0AD256578F40098B1E3 /* tv-shows-app */,
				52D9E0C3256578F80098B1E3 /* tv-shows-appTests */,
				52D9E0CE256578F80098B1E3 /* tv-shows-appUITests */,
			);
		};
/* End PBXProject section */

/* Begin PBXResourcesBuildPhase section */
		52D9E0AC256578F40098B1E3 /* Resources */ = {
			isa = PBXResourcesBuildPhase;
			buildActionMask = 2147483647;
			files = (
				52824008256BE86E00AE7352 /* SF-Pro-Text-Regular.otf in Resources */,
				52D9E0BE256578F80098B1E3 /* LaunchScreen.storyboard in Resources */,
				52D9E0BB256578F80098B1E3 /* Assets.xcassets in Resources */,
				52D9E17E2565FA5E0098B1E3 /* ListViewController.xib in Resources */,
				52D9E1142565A4E10098B1E3 /* DetailViewController.xib in Resources */,
				52D9E1AA25661FB00098B1E3 /* TvShowViewCell.xib in Resources */,
				52D2187D2566E69300532717 /* ItemViewCell.xib in Resources */,
				526B49122566E09B008776A8 /* SearchViewController.xib in Resources */,
				52823FF7256BE7FF00AE7352 /* SF-Pro-Text-Medium.otf in Resources */,
				52823FF6256BE7FF00AE7352 /* SF-Pro-Text-Bold.otf in Resources */,
			);
			runOnlyForDeploymentPostprocessing = 0;
		};
		52D9E0C2256578F80098B1E3 /* Resources */ = {
			isa = PBXResourcesBuildPhase;
			buildActionMask = 2147483647;
			files = (
			);
			runOnlyForDeploymentPostprocessing = 0;
		};
		52D9E0CD256578F80098B1E3 /* Resources */ = {
			isa = PBXResourcesBuildPhase;
			buildActionMask = 2147483647;
			files = (
			);
			runOnlyForDeploymentPostprocessing = 0;
		};
/* End PBXResourcesBuildPhase section */

/* Begin PBXShellScriptBuildPhase section */
		0197944302170000588F150A /* [CP] Embed Pods Frameworks */ = {
			isa = PBXShellScriptBuildPhase;
			buildActionMask = 2147483647;
			files = (
			);
			inputFileListPaths = (
				"${PODS_ROOT}/Target Support Files/Pods-tv-shows-app-tv-shows-appUITests/Pods-tv-shows-app-tv-shows-appUITests-frameworks-${CONFIGURATION}-input-files.xcfilelist",
			);
			name = "[CP] Embed Pods Frameworks";
			outputFileListPaths = (
				"${PODS_ROOT}/Target Support Files/Pods-tv-shows-app-tv-shows-appUITests/Pods-tv-shows-app-tv-shows-appUITests-frameworks-${CONFIGURATION}-output-files.xcfilelist",
			);
			runOnlyForDeploymentPostprocessing = 0;
			shellPath = /bin/sh;
			shellScript = "\"${PODS_ROOT}/Target Support Files/Pods-tv-shows-app-tv-shows-appUITests/Pods-tv-shows-app-tv-shows-appUITests-frameworks.sh\"\n";
			showEnvVarsInLog = 0;
		};
		65A156260182553815604E8C /* [CP] Check Pods Manifest.lock */ = {
			isa = PBXShellScriptBuildPhase;
			buildActionMask = 2147483647;
			files = (
			);
			inputFileListPaths = (
			);
			inputPaths = (
				"${PODS_PODFILE_DIR_PATH}/Podfile.lock",
				"${PODS_ROOT}/Manifest.lock",
			);
			name = "[CP] Check Pods Manifest.lock";
			outputFileListPaths = (
			);
			outputPaths = (
				"$(DERIVED_FILE_DIR)/Pods-tv-shows-app-tv-shows-appUITests-checkManifestLockResult.txt",
			);
			runOnlyForDeploymentPostprocessing = 0;
			shellPath = /bin/sh;
			shellScript = "diff \"${PODS_PODFILE_DIR_PATH}/Podfile.lock\" \"${PODS_ROOT}/Manifest.lock\" > /dev/null\nif [ $? != 0 ] ; then\n    # print error to STDERR\n    echo \"error: The sandbox is not in sync with the Podfile.lock. Run 'pod install' or update your CocoaPods installation.\" >&2\n    exit 1\nfi\n# This output is used by Xcode 'outputs' to avoid re-running this script phase.\necho \"SUCCESS\" > \"${SCRIPT_OUTPUT_FILE_0}\"\n";
			showEnvVarsInLog = 0;
		};
		CE1F0627FC171C3C6663B7DC /* [CP] Check Pods Manifest.lock */ = {
			isa = PBXShellScriptBuildPhase;
			buildActionMask = 2147483647;
			files = (
			);
			inputFileListPaths = (
			);
			inputPaths = (
				"${PODS_PODFILE_DIR_PATH}/Podfile.lock",
				"${PODS_ROOT}/Manifest.lock",
			);
			name = "[CP] Check Pods Manifest.lock";
			outputFileListPaths = (
			);
			outputPaths = (
				"$(DERIVED_FILE_DIR)/Pods-tv-shows-app-checkManifestLockResult.txt",
			);
			runOnlyForDeploymentPostprocessing = 0;
			shellPath = /bin/sh;
			shellScript = "diff \"${PODS_PODFILE_DIR_PATH}/Podfile.lock\" \"${PODS_ROOT}/Manifest.lock\" > /dev/null\nif [ $? != 0 ] ; then\n    # print error to STDERR\n    echo \"error: The sandbox is not in sync with the Podfile.lock. Run 'pod install' or update your CocoaPods installation.\" >&2\n    exit 1\nfi\n# This output is used by Xcode 'outputs' to avoid re-running this script phase.\necho \"SUCCESS\" > \"${SCRIPT_OUTPUT_FILE_0}\"\n";
			showEnvVarsInLog = 0;
		};
		D0889CE31CCAB5B87097056E /* [CP] Embed Pods Frameworks */ = {
			isa = PBXShellScriptBuildPhase;
			buildActionMask = 2147483647;
			files = (
			);
			inputFileListPaths = (
				"${PODS_ROOT}/Target Support Files/Pods-tv-shows-app/Pods-tv-shows-app-frameworks-${CONFIGURATION}-input-files.xcfilelist",
			);
			name = "[CP] Embed Pods Frameworks";
			outputFileListPaths = (
				"${PODS_ROOT}/Target Support Files/Pods-tv-shows-app/Pods-tv-shows-app-frameworks-${CONFIGURATION}-output-files.xcfilelist",
			);
			runOnlyForDeploymentPostprocessing = 0;
			shellPath = /bin/sh;
			shellScript = "\"${PODS_ROOT}/Target Support Files/Pods-tv-shows-app/Pods-tv-shows-app-frameworks.sh\"\n";
			showEnvVarsInLog = 0;
		};
		F40CFCFA5543A541709FCA66 /* [CP] Check Pods Manifest.lock */ = {
			isa = PBXShellScriptBuildPhase;
			buildActionMask = 2147483647;
			files = (
			);
			inputFileListPaths = (
			);
			inputPaths = (
				"${PODS_PODFILE_DIR_PATH}/Podfile.lock",
				"${PODS_ROOT}/Manifest.lock",
			);
			name = "[CP] Check Pods Manifest.lock";
			outputFileListPaths = (
			);
			outputPaths = (
				"$(DERIVED_FILE_DIR)/Pods-tv-shows-appTests-checkManifestLockResult.txt",
			);
			runOnlyForDeploymentPostprocessing = 0;
			shellPath = /bin/sh;
			shellScript = "diff \"${PODS_PODFILE_DIR_PATH}/Podfile.lock\" \"${PODS_ROOT}/Manifest.lock\" > /dev/null\nif [ $? != 0 ] ; then\n    # print error to STDERR\n    echo \"error: The sandbox is not in sync with the Podfile.lock. Run 'pod install' or update your CocoaPods installation.\" >&2\n    exit 1\nfi\n# This output is used by Xcode 'outputs' to avoid re-running this script phase.\necho \"SUCCESS\" > \"${SCRIPT_OUTPUT_FILE_0}\"\n";
			showEnvVarsInLog = 0;
		};
/* End PBXShellScriptBuildPhase section */

/* Begin PBXSourcesBuildPhase section */
		52D9E0AA256578F40098B1E3 /* Sources */ = {
			isa = PBXSourcesBuildPhase;
			buildActionMask = 2147483647;
			files = (
				52D9E1A525661F810098B1E3 /* TvShowViewCell.swift in Sources */,
				52823F5D256B53BD00AE7352 /* InMemoryGenresRepositoryImpl.swift in Sources */,
				526B48DB2566B034008776A8 /* UIView+Extensions.swift in Sources */,
				52D9E183256601550098B1E3 /* UIColor+Extensions.swift in Sources */,
				52823F4D256B521C00AE7352 /* GenresRepository.swift in Sources */,
				52D9E0B2256578F40098B1E3 /* AppDelegate.swift in Sources */,
				52823ECA25684F9C00AE7352 /* ListViewModel.swift in Sources */,
				52D9E1932566159B0098B1E3 /* UILabel+Extensions.swift in Sources */,
				52823EFE256B3BE200AE7352 /* TvShowsRepository.swift in Sources */,
				52D9E1132565A4E10098B1E3 /* DetailViewController.swift in Sources */,
				526B49112566E09B008776A8 /* SearchViewController.swift in Sources */,
				526B48E02566BAB5008776A8 /* SubscriptionViewCell.swift in Sources */,
				5271B020256C404B00BF15C3 /* DetailViewModel.swift in Sources */,
				52D218782566E65600532717 /* ItemViewCell.swift in Sources */,
				52823F38256B4CEF00AE7352 /* TvShowsRepositoryImpl.swift in Sources */,
				52823F45256B517100AE7352 /* Results.swift in Sources */,
				52D9E17D2565FA5E0098B1E3 /* ListViewController.swift in Sources */,
				5271B00B256C317500BF15C3 /* AppDatabase.swift in Sources */,
				52823EF02568635000AE7352 /* TvShow.swift in Sources */,
				52823F62256B543400AE7352 /* GenresApi.swift in Sources */,
				52D9E189256611A70098B1E3 /* BaseViewController.swift in Sources */,
				52D9E0B4256578F40098B1E3 /* SceneDelegate.swift in Sources */,
				52806B9425671CB400722E5D /* CustomButton.swift in Sources */,
				52B286B8256C73B400BF41EF /* SearchViewModel.swift in Sources */,
				52823F09256B467E00AE7352 /* Genre.swift in Sources */,
				52823F67256B555200AE7352 /* NetworkManager.swift in Sources */,
				52823F9C256B7B0200AE7352 /* SchedulerProvider.swift in Sources */,
				52823F79256B66D000AE7352 /* TvShowViewModel.swift in Sources */,
				52823FB7256BDB2A00AE7352 /* UIFont+Extensions.swift in Sources */,
				52823F33256B4CB700AE7352 /* TvShowsApi.swift in Sources */,
			);
			runOnlyForDeploymentPostprocessing = 0;
		};
		52D9E0C0256578F80098B1E3 /* Sources */ = {
			isa = PBXSourcesBuildPhase;
			buildActionMask = 2147483647;
			files = (
				52F0A7D7256CCC0600D2EAA3 /* TvShowViewModelTest.swift in Sources */,
				52F0A7DC256CCDB900D2EAA3 /* GenresRepository.swift in Sources */,
			);
			runOnlyForDeploymentPostprocessing = 0;
		};
		52D9E0CB256578F80098B1E3 /* Sources */ = {
			isa = PBXSourcesBuildPhase;
			buildActionMask = 2147483647;
			files = (
				52D9E0D4256578F80098B1E3 /* tv_shows_appUITests.swift in Sources */,
			);
			runOnlyForDeploymentPostprocessing = 0;
		};
/* End PBXSourcesBuildPhase section */

/* Begin PBXTargetDependency section */
		52D9E0C6256578F80098B1E3 /* PBXTargetDependency */ = {
			isa = PBXTargetDependency;
			target = 52D9E0AD256578F40098B1E3 /* tv-shows-app */;
			targetProxy = 52D9E0C5256578F80098B1E3 /* PBXContainerItemProxy */;
		};
		52D9E0D1256578F80098B1E3 /* PBXTargetDependency */ = {
			isa = PBXTargetDependency;
			target = 52D9E0AD256578F40098B1E3 /* tv-shows-app */;
			targetProxy = 52D9E0D0256578F80098B1E3 /* PBXContainerItemProxy */;
		};
/* End PBXTargetDependency section */

/* Begin PBXVariantGroup section */
		52D9E0BC256578F80098B1E3 /* LaunchScreen.storyboard */ = {
			isa = PBXVariantGroup;
			children = (
				52D9E0BD256578F80098B1E3 /* Base */,
			);
			name = LaunchScreen.storyboard;
			sourceTree = "<group>";
		};
/* End PBXVariantGroup section */

/* Begin XCBuildConfiguration section */
		52D9E0D6256578F80098B1E3 /* Debug */ = {
			isa = XCBuildConfiguration;
			buildSettings = {
				ALWAYS_SEARCH_USER_PATHS = NO;
				CLANG_ANALYZER_NONNULL = YES;
				CLANG_ANALYZER_NUMBER_OBJECT_CONVERSION = YES_AGGRESSIVE;
				CLANG_CXX_LANGUAGE_STANDARD = "gnu++14";
				CLANG_CXX_LIBRARY = "libc++";
				CLANG_ENABLE_MODULES = YES;
				CLANG_ENABLE_OBJC_ARC = YES;
				CLANG_ENABLE_OBJC_WEAK = YES;
				CLANG_WARN_BLOCK_CAPTURE_AUTORELEASING = YES;
				CLANG_WARN_BOOL_CONVERSION = YES;
				CLANG_WARN_COMMA = YES;
				CLANG_WARN_CONSTANT_CONVERSION = YES;
				CLANG_WARN_DEPRECATED_OBJC_IMPLEMENTATIONS = YES;
				CLANG_WARN_DIRECT_OBJC_ISA_USAGE = YES_ERROR;
				CLANG_WARN_DOCUMENTATION_COMMENTS = YES;
				CLANG_WARN_EMPTY_BODY = YES;
				CLANG_WARN_ENUM_CONVERSION = YES;
				CLANG_WARN_INFINITE_RECURSION = YES;
				CLANG_WARN_INT_CONVERSION = YES;
				CLANG_WARN_NON_LITERAL_NULL_CONVERSION = YES;
				CLANG_WARN_OBJC_IMPLICIT_RETAIN_SELF = YES;
				CLANG_WARN_OBJC_LITERAL_CONVERSION = YES;
				CLANG_WARN_OBJC_ROOT_CLASS = YES_ERROR;
				CLANG_WARN_QUOTED_INCLUDE_IN_FRAMEWORK_HEADER = YES;
				CLANG_WARN_RANGE_LOOP_ANALYSIS = YES;
				CLANG_WARN_STRICT_PROTOTYPES = YES;
				CLANG_WARN_SUSPICIOUS_MOVE = YES;
				CLANG_WARN_UNGUARDED_AVAILABILITY = YES_AGGRESSIVE;
				CLANG_WARN_UNREACHABLE_CODE = YES;
				CLANG_WARN__DUPLICATE_METHOD_MATCH = YES;
				COPY_PHASE_STRIP = NO;
				DEBUG_INFORMATION_FORMAT = dwarf;
				ENABLE_STRICT_OBJC_MSGSEND = YES;
				ENABLE_TESTABILITY = YES;
				GCC_C_LANGUAGE_STANDARD = gnu11;
				GCC_DYNAMIC_NO_PIC = NO;
				GCC_NO_COMMON_BLOCKS = YES;
				GCC_OPTIMIZATION_LEVEL = 0;
				GCC_PREPROCESSOR_DEFINITIONS = (
					"DEBUG=1",
					"$(inherited)",
				);
				GCC_WARN_64_TO_32_BIT_CONVERSION = YES;
				GCC_WARN_ABOUT_RETURN_TYPE = YES_ERROR;
				GCC_WARN_UNDECLARED_SELECTOR = YES;
				GCC_WARN_UNINITIALIZED_AUTOS = YES_AGGRESSIVE;
				GCC_WARN_UNUSED_FUNCTION = YES;
				GCC_WARN_UNUSED_VARIABLE = YES;
				IPHONEOS_DEPLOYMENT_TARGET = 14.1;
				MTL_ENABLE_DEBUG_INFO = INCLUDE_SOURCE;
				MTL_FAST_MATH = YES;
				ONLY_ACTIVE_ARCH = YES;
				SDKROOT = iphoneos;
				SWIFT_ACTIVE_COMPILATION_CONDITIONS = DEBUG;
				SWIFT_OPTIMIZATION_LEVEL = "-Onone";
			};
			name = Debug;
		};
		52D9E0D7256578F80098B1E3 /* Release */ = {
			isa = XCBuildConfiguration;
			buildSettings = {
				ALWAYS_SEARCH_USER_PATHS = NO;
				CLANG_ANALYZER_NONNULL = YES;
				CLANG_ANALYZER_NUMBER_OBJECT_CONVERSION = YES_AGGRESSIVE;
				CLANG_CXX_LANGUAGE_STANDARD = "gnu++14";
				CLANG_CXX_LIBRARY = "libc++";
				CLANG_ENABLE_MODULES = YES;
				CLANG_ENABLE_OBJC_ARC = YES;
				CLANG_ENABLE_OBJC_WEAK = YES;
				CLANG_WARN_BLOCK_CAPTURE_AUTORELEASING = YES;
				CLANG_WARN_BOOL_CONVERSION = YES;
				CLANG_WARN_COMMA = YES;
				CLANG_WARN_CONSTANT_CONVERSION = YES;
				CLANG_WARN_DEPRECATED_OBJC_IMPLEMENTATIONS = YES;
				CLANG_WARN_DIRECT_OBJC_ISA_USAGE = YES_ERROR;
				CLANG_WARN_DOCUMENTATION_COMMENTS = YES;
				CLANG_WARN_EMPTY_BODY = YES;
				CLANG_WARN_ENUM_CONVERSION = YES;
				CLANG_WARN_INFINITE_RECURSION = YES;
				CLANG_WARN_INT_CONVERSION = YES;
				CLANG_WARN_NON_LITERAL_NULL_CONVERSION = YES;
				CLANG_WARN_OBJC_IMPLICIT_RETAIN_SELF = YES;
				CLANG_WARN_OBJC_LITERAL_CONVERSION = YES;
				CLANG_WARN_OBJC_ROOT_CLASS = YES_ERROR;
				CLANG_WARN_QUOTED_INCLUDE_IN_FRAMEWORK_HEADER = YES;
				CLANG_WARN_RANGE_LOOP_ANALYSIS = YES;
				CLANG_WARN_STRICT_PROTOTYPES = YES;
				CLANG_WARN_SUSPICIOUS_MOVE = YES;
				CLANG_WARN_UNGUARDED_AVAILABILITY = YES_AGGRESSIVE;
				CLANG_WARN_UNREACHABLE_CODE = YES;
				CLANG_WARN__DUPLICATE_METHOD_MATCH = YES;
				COPY_PHASE_STRIP = NO;
				DEBUG_INFORMATION_FORMAT = "dwarf-with-dsym";
				ENABLE_NS_ASSERTIONS = NO;
				ENABLE_STRICT_OBJC_MSGSEND = YES;
				GCC_C_LANGUAGE_STANDARD = gnu11;
				GCC_NO_COMMON_BLOCKS = YES;
				GCC_WARN_64_TO_32_BIT_CONVERSION = YES;
				GCC_WARN_ABOUT_RETURN_TYPE = YES_ERROR;
				GCC_WARN_UNDECLARED_SELECTOR = YES;
				GCC_WARN_UNINITIALIZED_AUTOS = YES_AGGRESSIVE;
				GCC_WARN_UNUSED_FUNCTION = YES;
				GCC_WARN_UNUSED_VARIABLE = YES;
				IPHONEOS_DEPLOYMENT_TARGET = 14.1;
				MTL_ENABLE_DEBUG_INFO = NO;
				MTL_FAST_MATH = YES;
				SDKROOT = iphoneos;
				SWIFT_COMPILATION_MODE = wholemodule;
				SWIFT_OPTIMIZATION_LEVEL = "-O";
				VALIDATE_PRODUCT = YES;
			};
			name = Release;
		};
		52D9E0D9256578F80098B1E3 /* Debug */ = {
			isa = XCBuildConfiguration;
			baseConfigurationReference = 6D4BA7C8E2A0095CBF905007 /* Pods-tv-shows-app.debug.xcconfig */;
			buildSettings = {
				ASSETCATALOG_COMPILER_APPICON_NAME = AppIcon;
				ASSETCATALOG_COMPILER_GLOBAL_ACCENT_COLOR_NAME = AccentColor;
				CODE_SIGN_STYLE = Automatic;
				DEVELOPMENT_TEAM = UKB4VR8C6D;
				INFOPLIST_FILE = "tv-shows-app/Resources/Info.plist";
				IPHONEOS_DEPLOYMENT_TARGET = 11.0;
				LD_RUNPATH_SEARCH_PATHS = (
					"$(inherited)",
					"@executable_path/Frameworks",
				);
				PRODUCT_BUNDLE_IDENTIFIER = "com.lciucini.tv-shows-app";
				PRODUCT_NAME = "$(TARGET_NAME)";
				SWIFT_VERSION = 5.0;
				TARGETED_DEVICE_FAMILY = "1,2";
			};
			name = Debug;
		};
		52D9E0DA256578F80098B1E3 /* Release */ = {
			isa = XCBuildConfiguration;
			baseConfigurationReference = F4CE14CDBF84901FC8F005C5 /* Pods-tv-shows-app.release.xcconfig */;
			buildSettings = {
				ASSETCATALOG_COMPILER_APPICON_NAME = AppIcon;
				ASSETCATALOG_COMPILER_GLOBAL_ACCENT_COLOR_NAME = AccentColor;
				CODE_SIGN_STYLE = Automatic;
				DEVELOPMENT_TEAM = UKB4VR8C6D;
				INFOPLIST_FILE = "tv-shows-app/Resources/Info.plist";
				IPHONEOS_DEPLOYMENT_TARGET = 11.0;
				LD_RUNPATH_SEARCH_PATHS = (
					"$(inherited)",
					"@executable_path/Frameworks",
				);
				PRODUCT_BUNDLE_IDENTIFIER = "com.lciucini.tv-shows-app";
				PRODUCT_NAME = "$(TARGET_NAME)";
				SWIFT_VERSION = 5.0;
				TARGETED_DEVICE_FAMILY = "1,2";
			};
			name = Release;
		};
		52D9E0DC256578F80098B1E3 /* Debug */ = {
			isa = XCBuildConfiguration;
			baseConfigurationReference = 1EDDC833F06C82E52FDC4CCE /* Pods-tv-shows-appTests.debug.xcconfig */;
			buildSettings = {
				ALWAYS_EMBED_SWIFT_STANDARD_LIBRARIES = YES;
				BUNDLE_LOADER = "$(TEST_HOST)";
				CODE_SIGN_STYLE = Automatic;
				DEVELOPMENT_TEAM = UKB4VR8C6D;
				INFOPLIST_FILE = "tv-shows-appTests/Info.plist";
				IPHONEOS_DEPLOYMENT_TARGET = 14.1;
				LD_RUNPATH_SEARCH_PATHS = (
					"$(inherited)",
					"@executable_path/Frameworks",
					"@loader_path/Frameworks",
				);
				PRODUCT_BUNDLE_IDENTIFIER = "com.lciucini.tv-shows-appTests";
				PRODUCT_NAME = "$(TARGET_NAME)";
				SWIFT_VERSION = 5.0;
				TARGETED_DEVICE_FAMILY = "1,2";
				TEST_HOST = "$(BUILT_PRODUCTS_DIR)/tv-shows-app.app/tv-shows-app";
			};
			name = Debug;
		};
		52D9E0DD256578F80098B1E3 /* Release */ = {
			isa = XCBuildConfiguration;
			baseConfigurationReference = 3274F1449D471159ACF69EBD /* Pods-tv-shows-appTests.release.xcconfig */;
			buildSettings = {
				ALWAYS_EMBED_SWIFT_STANDARD_LIBRARIES = YES;
				BUNDLE_LOADER = "$(TEST_HOST)";
				CODE_SIGN_STYLE = Automatic;
				DEVELOPMENT_TEAM = UKB4VR8C6D;
				INFOPLIST_FILE = "tv-shows-appTests/Info.plist";
				IPHONEOS_DEPLOYMENT_TARGET = 14.1;
				LD_RUNPATH_SEARCH_PATHS = (
					"$(inherited)",
					"@executable_path/Frameworks",
					"@loader_path/Frameworks",
				);
				PRODUCT_BUNDLE_IDENTIFIER = "com.lciucini.tv-shows-appTests";
				PRODUCT_NAME = "$(TARGET_NAME)";
				SWIFT_VERSION = 5.0;
				TARGETED_DEVICE_FAMILY = "1,2";
				TEST_HOST = "$(BUILT_PRODUCTS_DIR)/tv-shows-app.app/tv-shows-app";
			};
			name = Release;
		};
		52D9E0DF256578F80098B1E3 /* Debug */ = {
			isa = XCBuildConfiguration;
			baseConfigurationReference = DAFE8ADB11A92EB646E2AD7E /* Pods-tv-shows-app-tv-shows-appUITests.debug.xcconfig */;
			buildSettings = {
				ALWAYS_EMBED_SWIFT_STANDARD_LIBRARIES = YES;
				CODE_SIGN_STYLE = Automatic;
				DEVELOPMENT_TEAM = UKB4VR8C6D;
				INFOPLIST_FILE = "tv-shows-appUITests/Info.plist";
				LD_RUNPATH_SEARCH_PATHS = (
					"$(inherited)",
					"@executable_path/Frameworks",
					"@loader_path/Frameworks",
				);
				PRODUCT_BUNDLE_IDENTIFIER = "com.lciucini.tv-shows-appUITests";
				PRODUCT_NAME = "$(TARGET_NAME)";
				SWIFT_VERSION = 5.0;
				TARGETED_DEVICE_FAMILY = "1,2";
				TEST_TARGET_NAME = "tv-shows-app";
			};
			name = Debug;
		};
		52D9E0E0256578F80098B1E3 /* Release */ = {
			isa = XCBuildConfiguration;
			baseConfigurationReference = 9C19F187D3D08CF895B72198 /* Pods-tv-shows-app-tv-shows-appUITests.release.xcconfig */;
			buildSettings = {
				ALWAYS_EMBED_SWIFT_STANDARD_LIBRARIES = YES;
				CODE_SIGN_STYLE = Automatic;
				DEVELOPMENT_TEAM = UKB4VR8C6D;
				INFOPLIST_FILE = "tv-shows-appUITests/Info.plist";
				LD_RUNPATH_SEARCH_PATHS = (
					"$(inherited)",
					"@executable_path/Frameworks",
					"@loader_path/Frameworks",
				);
				PRODUCT_BUNDLE_IDENTIFIER = "com.lciucini.tv-shows-appUITests";
				PRODUCT_NAME = "$(TARGET_NAME)";
				SWIFT_VERSION = 5.0;
				TARGETED_DEVICE_FAMILY = "1,2";
				TEST_TARGET_NAME = "tv-shows-app";
			};
			name = Release;
		};
/* End XCBuildConfiguration section */

/* Begin XCConfigurationList section */
		52D9E0A9256578F40098B1E3 /* Build configuration list for PBXProject "tv-shows-app" */ = {
			isa = XCConfigurationList;
			buildConfigurations = (
				52D9E0D6256578F80098B1E3 /* Debug */,
				52D9E0D7256578F80098B1E3 /* Release */,
			);
			defaultConfigurationIsVisible = 0;
			defaultConfigurationName = Release;
		};
		52D9E0D8256578F80098B1E3 /* Build configuration list for PBXNativeTarget "tv-shows-app" */ = {
			isa = XCConfigurationList;
			buildConfigurations = (
				52D9E0D9256578F80098B1E3 /* Debug */,
				52D9E0DA256578F80098B1E3 /* Release */,
			);
			defaultConfigurationIsVisible = 0;
			defaultConfigurationName = Release;
		};
		52D9E0DB256578F80098B1E3 /* Build configuration list for PBXNativeTarget "tv-shows-appTests" */ = {
			isa = XCConfigurationList;
			buildConfigurations = (
				52D9E0DC256578F80098B1E3 /* Debug */,
				52D9E0DD256578F80098B1E3 /* Release */,
			);
			defaultConfigurationIsVisible = 0;
			defaultConfigurationName = Release;
		};
		52D9E0DE256578F80098B1E3 /* Build configuration list for PBXNativeTarget "tv-shows-appUITests" */ = {
			isa = XCConfigurationList;
			buildConfigurations = (
				52D9E0DF256578F80098B1E3 /* Debug */,
				52D9E0E0256578F80098B1E3 /* Release */,
			);
			defaultConfigurationIsVisible = 0;
			defaultConfigurationName = Release;
		};
/* End XCConfigurationList section */
	};
	rootObject = 52D9E0A6256578F40098B1E3 /* Project object */;
}
